dependencies:
- name: kube-prometheus-stack
  repository: oci://ghcr.io/prometheus-community/charts
  version: 85.3.3
- name: prometheus-smartctl-exporter
  repository: oci://ghcr.io/prometheus-community/charts
  version: 0.16.1
- name: file-exporter
  repository: ""
  version: 0.1.0
- name: common
  repository: oci://ghcr.io/egvimo/charts
  version: 0.1.5
digest: sha256:179e3a1bc3dffa66dd4aea66dd7735461edf5763c917ebdfc3d115fdbe0ada5d
generated: "2026-05-24T17:06:20.63344225Z"
