dependencies:
- name: kube-prometheus-stack
  repository: oci://ghcr.io/prometheus-community/charts
  version: 84.1.2
- name: prometheus-smartctl-exporter
  repository: oci://ghcr.io/prometheus-community/charts
  version: 0.16.0
- name: file-exporter
  repository: ""
  version: 0.1.0
- name: common
  repository: oci://ghcr.io/egvimo/charts
  version: 0.1.5
digest: sha256:7599dbcb86c405541c1a75e5cfebfd4220b6216630fb429828c74da6b0b8687a
generated: "2026-04-27T06:04:26.228841668Z"
