dependencies:
- name: kube-prometheus-stack
  repository: oci://ghcr.io/prometheus-community/charts
  version: 90.2.0
- name: prometheus-smartctl-exporter
  repository: oci://ghcr.io/prometheus-community/charts
  version: 0.17.1
- name: file-exporter
  repository: ""
  version: 0.1.0
- name: common
  repository: oci://ghcr.io/egvimo/charts
  version: 0.1.5
digest: sha256:e38e558e8042c7b2521b1388d319e5f313804f92f92e11c93b60ba6f1018da91
generated: "2026-09-13T01:46:57.291877074Z"
