dependencies:
- name: common
  repository: oci://ghcr.io/egvimo/charts
  version: 0.1.5
- name: bridge
  repository: ""
  version: 0.1.0
- name: signal
  repository: ""
  version: 0.1.0
digest: sha256:dfda2c245021349b25772fce2cf2f82acd64f2b63d107aab8c92e19b054ec1f3
generated: "2026-04-20T08:58:51.529122506Z"
