dependencies:
- name: common
  repository: oci://ghcr.io/egvimo/charts
  version: 0.1.5
- name: machine-learning
  repository: ""
  version: 0.1.0
- name: valkey
  repository: https://valkey.io/valkey-helm/
  version: 0.9.4
digest: sha256:fc1f5067b1c4b1e991d6a24ccb52953e3083e46dde1adc875b9b5f52b759525a
generated: "2026-04-20T08:59:45.637442528Z"
