dependencies:
- name: common
  repository: oci://ghcr.io/egvimo/charts
  version: 0.1.1
- name: machine-learning
  repository: ""
  version: 0.1.0
- name: valkey
  repository: https://valkey.io/valkey-helm/
  version: 0.9.3
digest: sha256:fa1303514cbefec4c5de8f41604e918874fb06058e6c4adfa4a4451a86cb6461
generated: "2026-03-30T12:03:23.405509075Z"
