dependencies:
- name: common
  repository: oci://ghcr.io/egvimo/charts
  version: 0.1.5
- name: machine-learning
  repository: ""
  version: 0.1.0
- name: valkey
  repository: https://valkey.io/valkey-helm/
  version: 0.11.0
digest: sha256:dcf1530a9775c12f5d980f70b60a7b83c3b99d656992b0eec9c2c747e54451d4
generated: "2026-07-22T15:50:36.190307569Z"
